
Microsoft Visual Studio Solution File, Format Version 12.00
# Visual Studio Version 17
VisualStudioVersion = 17.4.33213.308
MinimumVisualStudioVersion = 10.0.40219.1
Project("{FAE04EC0-301F-11D3-BF4B-00C04F79EFBC}") = "ArrayLists", "ArrayLists\ArrayLists.csproj", "{C112E2BC-4268-40FF-A779-17D35CCD8397}"
EndProject
Global
	GlobalSection(SolutionConfigurationPlatforms) = preSolution
		Debug|Any CPU = Debug|Any CPU
		Release|Any CPU = Release|Any CPU
	EndGlobalSection
	GlobalSection(ProjectConfigurationPlatforms) = postSolution
		{C112E2BC-4268-40FF-A779-17D35CCD8397}.Debug|Any CPU.ActiveCfg = Debug|Any CPU
		{C112E2BC-4268-40FF-A779-17D35CCD8397}.Debug|Any CPU.Build.0 = Debug|Any CPU
		{C112E2BC-4268-40FF-A779-17D35CCD8397}.Release|Any CPU.ActiveCfg = Release|Any CPU
		{C112E2BC-4268-40FF-A779-17D35CCD8397}.Release|Any CPU.Build.0 = Release|Any CPU
	EndGlobalSection
	GlobalSection(SolutionProperties) = preSolution
		HideSolutionNode = FALSE
	EndGlobalSection
	GlobalSection(ExtensibilityGlobals) = postSolution
		SolutionGuid = {4E1E70E6-0338-497F-AACF-09A2E10C56B5}
	EndGlobalSection
EndGlobal
